<?xml version="1.0" encoding="utf-8"?>
<Project ToolsVersion="4.0" xmlns="http://schemas.microsoft.com/developer/msbuild/2003">
  <ItemGroup>
    <Filter Include="Source Files">
      <UniqueIdentifier>{4FC737F1-C7A5-4376-A066-2A32D752A2FF}</UniqueIdentifier>
      <Extensions>cpp;c;cc;cxx;def;odl;idl;hpj;bat;asm;asmx</Extensions>
    </Filter>
    <Filter Include="Header Files">
      <UniqueIdentifier>{93995380-89BD-4b04-88EB-625FBE52EBFB}</UniqueIdentifier>
      <Extensions>h;hh;hpp;hxx;hm;inl;inc;xsd</Extensions>
    </Filter>
    <Filter Include="Resource Files">
      <UniqueIdentifier>{67DA6AB6-F800-4c08-8B7A-83BB121AAD01}</UniqueIdentifier>
      <Extensions>rc;ico;cur;bmp;dlg;rc2;rct;bin;rgs;gif;jpg;jpeg;jpe;resx;tiff;tif;png;wav;mfcribbon-ms</Extensions>
    </Filter>
  </ItemGroup>
  <ItemGroup>
    <ClCompile Include="buffer_overflow_001.cpp">
      <Filter>Source Files</Filter>
    </ClCompile>
    <ClCompile Include="buffer_overflow_002.cpp">
      <Filter>Source Files</Filter>
    </ClCompile>
    <ClCompile Include="buffer_overflow_003.cpp">
      <Filter>Source Files</Filter>
    </ClCompile>
    <ClCompile Include="buffer_overflow_004.cpp">
      <Filter>Source Files</Filter>
    </ClCompile>
    <ClCompile Include="main.cpp">
      <Filter>Source Files</Filter>
    </ClCompile>
    <ClCompile Include="uninitialized_array_001.cpp">
      <Filter>Source Files</Filter>
    </ClCompile>
    <ClCompile Include="uninitialized_array_002.cpp">
      <Filter>Source Files</Filter>
    </ClCompile>
    <ClCompile Include="memory_leak_001.cpp">
      <Filter>Source Files</Filter>
    </ClCompile>
    <ClCompile Include="buffer_overflow_005.cpp">
      <Filter>Source Files</Filter>
    </ClCompile>
    <ClCompile Include="uninitialized_array_003.cpp">
      <Filter>Source Files</Filter>
    </ClCompile>
    <ClCompile Include="null_pointer_dereference_001.cpp">
      <Filter>Source Files</Filter>
    </ClCompile>
    <ClCompile Include="null_pointer_dereference_002.cpp">
      <Filter>Source Files</Filter>
    </ClCompile>
    <ClCompile Include="value_unused_001.cpp">
      <Filter>Source Files</Filter>
    </ClCompile>
    <ClCompile Include="freeing_non_heap_memory_001.cpp">
      <Filter>Source Files</Filter>
    </ClCompile>
    <ClCompile Include="freeing_non_heap_memory_002.cpp">
      <Filter>Source Files</Filter>
    </ClCompile>
    <ClCompile Include="division_by_zero_001.cpp">
      <Filter>Source Files</Filter>
    </ClCompile>
    <ClCompile Include="divions_by_zero_002.cpp">
      <Filter>Source Files</Filter>
    </ClCompile>
    <ClCompile Include="uninitialized_heap_001.cpp">
      <Filter>Source Files</Filter>
    </ClCompile>
    <ClCompile Include="uninitialized_variable_001.cpp">
      <Filter>Source Files</Filter>
    </ClCompile>
  </ItemGroup>
</Project>